
Microsoft Visual Studio Solution File, Format Version 12.00
# Visual Studio Version 17
VisualStudioVersion = 17.1.32319.34
MinimumVisualStudioVersion = 10.0.40219.1
Project("{9A19103F-16F7-4668-BE54-9A1E7A4F7556}") = "Cts.Import", "Cts.Import\Cts.Import.csproj", "{77652387-CCD7-438B-ABA7-D071D613F8A8}"
EndProject
Project("{9A19103F-16F7-4668-BE54-9A1E7A4F7556}") = "Cts.Database", "Cts.Database\Cts.Database.csproj", "{3E4075C0-D52B-4CDF-A651-53C764B1BD19}"
EndProject
Project("{9A19103F-16F7-4668-BE54-9A1E7A4F7556}") = "Cts.Common", "Cts.Common\Cts.Common.csproj", "{15B9DCD0-8CB5-4028-8784-DAD229757EA0}"
EndProject
Project("{9A19103F-16F7-4668-BE54-9A1E7A4F7556}") = "Cts.Common.Wpf", "Cts.Common.Wpf\Cts.Common.Wpf.csproj", "{CDC8E828-D833-4156-A438-F7CCBADDE927}"
EndProject
Global
	GlobalSection(SolutionConfigurationPlatforms) = preSolution
		Debug|Any CPU = Debug|Any CPU
		Release|Any CPU = Release|Any CPU
	EndGlobalSection
	GlobalSection(ProjectConfigurationPlatforms) = postSolution
		{77652387-CCD7-438B-ABA7-D071D613F8A8}.Debug|Any CPU.ActiveCfg = Debug|Any CPU
		{77652387-CCD7-438B-ABA7-D071D613F8A8}.Debug|Any CPU.Build.0 = Debug|Any CPU
		{77652387-CCD7-438B-ABA7-D071D613F8A8}.Release|Any CPU.ActiveCfg = Release|Any CPU
		{77652387-CCD7-438B-ABA7-D071D613F8A8}.Release|Any CPU.Build.0 = Release|Any CPU
		{3E4075C0-D52B-4CDF-A651-53C764B1BD19}.Debug|Any CPU.ActiveCfg = Debug|Any CPU
		{3E4075C0-D52B-4CDF-A651-53C764B1BD19}.Debug|Any CPU.Build.0 = Debug|Any CPU
		{3E4075C0-D52B-4CDF-A651-53C764B1BD19}.Release|Any CPU.ActiveCfg = Release|Any CPU
		{3E4075C0-D52B-4CDF-A651-53C764B1BD19}.Release|Any CPU.Build.0 = Release|Any CPU
		{15B9DCD0-8CB5-4028-8784-DAD229757EA0}.Debug|Any CPU.ActiveCfg = Debug|Any CPU
		{15B9DCD0-8CB5-4028-8784-DAD229757EA0}.Debug|Any CPU.Build.0 = Debug|Any CPU
		{15B9DCD0-8CB5-4028-8784-DAD229757EA0}.Release|Any CPU.ActiveCfg = Release|Any CPU
		{15B9DCD0-8CB5-4028-8784-DAD229757EA0}.Release|Any CPU.Build.0 = Release|Any CPU
		{CDC8E828-D833-4156-A438-F7CCBADDE927}.Debug|Any CPU.ActiveCfg = Debug|Any CPU
		{CDC8E828-D833-4156-A438-F7CCBADDE927}.Debug|Any CPU.Build.0 = Debug|Any CPU
		{CDC8E828-D833-4156-A438-F7CCBADDE927}.Release|Any CPU.ActiveCfg = Release|Any CPU
		{CDC8E828-D833-4156-A438-F7CCBADDE927}.Release|Any CPU.Build.0 = Release|Any CPU
	EndGlobalSection
	GlobalSection(SolutionProperties) = preSolution
		HideSolutionNode = FALSE
	EndGlobalSection
	GlobalSection(ExtensibilityGlobals) = postSolution
		SolutionGuid = {520441DE-9193-499A-AC76-3218B6942C06}
	EndGlobalSection
EndGlobal
